
Microsoft Visual Studio Solution File, Format Version 12.00
# Visual Studio Version 17
VisualStudioVersion = 17.14.36202.13 d17.14
MinimumVisualStudioVersion = 10.0.40219.1
Project("{FAE04EC0-301F-11D3-BF4B-00C04F79EFBC}") = "SuperShop", "SuperShop\SuperShop.csproj", "{55D4BF61-C927-4953-8DF2-FFC0FD3470A0}"
EndProject
Global
	GlobalSection(SolutionConfigurationPlatforms) = preSolution
		Debug|Any CPU = Debug|Any CPU
		Release|Any CPU = Release|Any CPU
	EndGlobalSection
	GlobalSection(ProjectConfigurationPlatforms) = postSolution
		{55D4BF61-C927-4953-8DF2-FFC0FD3470A0}.Debug|Any CPU.ActiveCfg = Debug|Any CPU
		{55D4BF61-C927-4953-8DF2-FFC0FD3470A0}.Debug|Any CPU.Build.0 = Debug|Any CPU
		{55D4BF61-C927-4953-8DF2-FFC0FD3470A0}.Release|Any CPU.ActiveCfg = Release|Any CPU
		{55D4BF61-C927-4953-8DF2-FFC0FD3470A0}.Release|Any CPU.Build.0 = Release|Any CPU
	EndGlobalSection
	GlobalSection(SolutionProperties) = preSolution
		HideSolutionNode = FALSE
	EndGlobalSection
	GlobalSection(ExtensibilityGlobals) = postSolution
		SolutionGuid = {A3AFA180-8AEA-4F2B-8526-3FED424279AB}
	EndGlobalSection
EndGlobal
